
Microsoft Visual Studio Solution File, Format Version 12.00
# Visual Studio 15
VisualStudioVersion = 15.0.27004.2009
MinimumVisualStudioVersion = 10.0.40219.1
Project("{2150E333-8FDC-42A3-9474-1A3956D46DE8}") = "src", "src", "{AFAA0841-BD93-466F-B8F4-FB4EEC86F1FC}"
EndProject
Project("{2150E333-8FDC-42A3-9474-1A3956D46DE8}") = "test", "test", "{F10AA149-2626-486E-85BB-9CD5365F3016}"
EndProject
Project("{9A19103F-16F7-4668-BE54-9A1E7A4F7556}") = "ZCYX.FRMSCore.Core", "src\ZCYX.FRMSCore.Core\ZCYX.FRMSCore.Core.csproj", "{0FA75A5B-AB83-4FD0-B545-279774C01E87}"
EndProject
Project("{9A19103F-16F7-4668-BE54-9A1E7A4F7556}") = "ZCYX.FRMSCore.Application", "src\ZCYX.FRMSCore.Application\ZCYX.FRMSCore.Application.csproj", "{3870C648-4AEA-4B85-BA3F-F2F63B96136A}"
EndProject
Project("{9A19103F-16F7-4668-BE54-9A1E7A4F7556}") = "ZCYX.FRMSCore.Tests", "test\ZCYX.FRMSCore.Tests\ZCYX.FRMSCore.Tests.csproj", "{0D4C5D00-C144-4213-A007-4B8944113AB1}"
EndProject
Project("{9A19103F-16F7-4668-BE54-9A1E7A4F7556}") = "ZCYX.FRMSCore.Migrator", "src\ZCYX.FRMSCore.Migrator\ZCYX.FRMSCore.Migrator.csproj", "{880B3591-E057-46FE-B525-10BD83828B93}"
EndProject
Project("{9A19103F-16F7-4668-BE54-9A1E7A4F7556}") = "ZCYX.FRMSCore.Web.Host", "src\ZCYX.FRMSCore.Web.Host\ZCYX.FRMSCore.Web.Host.csproj", "{38E184BD-E874-4633-A947-AED4FDB73F40}"
EndProject
Project("{9A19103F-16F7-4668-BE54-9A1E7A4F7556}") = "ZCYX.FRMSCore.Web.Core", "src\ZCYX.FRMSCore.Web.Core\ZCYX.FRMSCore.Web.Core.csproj", "{22CFE0D2-8DCA-42D7-AD7D-784C3862493F}"
EndProject
Project("{9A19103F-16F7-4668-BE54-9A1E7A4F7556}") = "ZCYX.FRMSCore.EntityFrameworkCore", "src\ZCYX.FRMSCore.EntityFrameworkCore\ZCYX.FRMSCore.EntityFrameworkCore.csproj", "{E0580562-F8F2-4EBB-B07A-ABFC6F2C314F}"
EndProject
Project("{2150E333-8FDC-42A3-9474-1A3956D46DE8}") = "module", "module", "{BC5F578B-DC5F-4474-B20B-F4C7A976E61C}"
EndProject
Project("{9A19103F-16F7-4668-BE54-9A1E7A4F7556}") = "Abp.WorkFlow", "Abp.WorkFlow\Abp.WorkFlow.csproj", "{B6251730-717D-4B3F-94F5-C6C93E100237}"
EndProject
Project("{9A19103F-16F7-4668-BE54-9A1E7A4F7556}") = "LitJSON", "LitJSON\LitJSON.csproj", "{B21885B8-ADF0-48B7-B263-BBBD53616FC7}"
EndProject
Project("{9A19103F-16F7-4668-BE54-9A1E7A4F7556}") = "Abp.WorkFlowDictionary", "Abp.Dictionary\Abp.WorkFlowDictionary.csproj", "{4986DD8B-5D53-4530-B6E3-04E7AD51CAA8}"
EndProject
Project("{9A19103F-16F7-4668-BE54-9A1E7A4F7556}") = "Abp.File", "Abp.File\Abp.File.csproj", "{731870A7-5F38-4AD2-9FB6-9F3CF5932F59}"
EndProject
Project("{9A19103F-16F7-4668-BE54-9A1E7A4F7556}") = "Abp.SignalR.Core", "Abp.SignalR.Core\Abp.SignalR.Core.csproj", "{E7D9F00A-3BCD-4D22-8557-5C745426D43A}"
EndProject
Project("{9A19103F-16F7-4668-BE54-9A1E7A4F7556}") = "HR", "HR\HR.csproj", "{C569CAF3-3B76-4F4D-928F-1A3A7483F7D1}"
EndProject
Project("{9A19103F-16F7-4668-BE54-9A1E7A4F7556}") = "EmailServer", "EmailServer\EmailServer.csproj", "{BE4EEBA2-D8EA-48A8-9609-090FB4BF9E0D}"
EndProject
Project("{9A19103F-16F7-4668-BE54-9A1E7A4F7556}") = "WebClientServer", "WebClientServer\WebClientServer.csproj", "{AFFEF861-4351-4E16-AABB-2AA1485BF1CA}"
EndProject
Project("{9A19103F-16F7-4668-BE54-9A1E7A4F7556}") = "ZCYX.FRMSCore.Log4NetAdoNetAppender", "ZCYX.FRMSCore.AdoNetAppender\ZCYX.FRMSCore.Log4NetAdoNetAppender.csproj", "{352DA8BF-07F6-40BE-AA38-45C7641C2F85}"
EndProject
Project("{9A19103F-16F7-4668-BE54-9A1E7A4F7556}") = "Abp.IM", "Abp.IM\Abp.IM.csproj", "{ABB3B8AA-1828-435B-B1CB-2178C44DE907}"
EndProject
Project("{9A19103F-16F7-4668-BE54-9A1E7A4F7556}") = "ThreePartDll", "ThreePartDll\ThreePartDll.csproj", "{9F461F5C-0150-4CDA-9D3F-8D1B845032AB}"
EndProject
Project("{9A19103F-16F7-4668-BE54-9A1E7A4F7556}") = "SearchAll", "SearchAll\SearchAll.csproj", "{51269FEC-35FE-4942-8784-3D82AC0BC450}"
EndProject
Project("{9A19103F-16F7-4668-BE54-9A1E7A4F7556}") = "IMLib", "IMLib\IMLib.csproj", "{618C5AA9-BAB6-4FC7-BF30-146F62FF296E}"
EndProject
Project("{9A19103F-16F7-4668-BE54-9A1E7A4F7556}") = "Abp.Excel", "Abp.Excel\Abp.Excel.csproj", "{576D7044-1689-4BE6-9720-3F5E3FF0C674}"
EndProject
Project("{9A19103F-16F7-4668-BE54-9A1E7A4F7556}") = "TemplateAsync", "TemplateAsync\TemplateAsync.csproj", "{53E6764F-203B-4506-8017-2E73A608474E}"
EndProject
Project("{FAE04EC0-301F-11D3-BF4B-00C04F79EFBC}") = "B_H5", "B_H5\B_H5.csproj", "{0EE26F4D-434D-4096-9895-D1E622CB6AD2}"
EndProject
Global
	GlobalSection(SolutionConfigurationPlatforms) = preSolution
		Debug|Any CPU = Debug|Any CPU
		Release|Any CPU = Release|Any CPU
	EndGlobalSection
	GlobalSection(ProjectConfigurationPlatforms) = postSolution
		{0FA75A5B-AB83-4FD0-B545-279774C01E87}.Debug|Any CPU.ActiveCfg = Debug|Any CPU
		{0FA75A5B-AB83-4FD0-B545-279774C01E87}.Debug|Any CPU.Build.0 = Debug|Any CPU
		{0FA75A5B-AB83-4FD0-B545-279774C01E87}.Release|Any CPU.ActiveCfg = Release|Any CPU
		{0FA75A5B-AB83-4FD0-B545-279774C01E87}.Release|Any CPU.Build.0 = Release|Any CPU
		{3870C648-4AEA-4B85-BA3F-F2F63B96136A}.Debug|Any CPU.ActiveCfg = Debug|Any CPU
		{3870C648-4AEA-4B85-BA3F-F2F63B96136A}.Debug|Any CPU.Build.0 = Debug|Any CPU
		{3870C648-4AEA-4B85-BA3F-F2F63B96136A}.Release|Any CPU.ActiveCfg = Release|Any CPU
		{3870C648-4AEA-4B85-BA3F-F2F63B96136A}.Release|Any CPU.Build.0 = Release|Any CPU
		{0D4C5D00-C144-4213-A007-4B8944113AB1}.Debug|Any CPU.ActiveCfg = Debug|Any CPU
		{0D4C5D00-C144-4213-A007-4B8944113AB1}.Debug|Any CPU.Build.0 = Debug|Any CPU
		{0D4C5D00-C144-4213-A007-4B8944113AB1}.Release|Any CPU.ActiveCfg = Release|Any CPU
		{0D4C5D00-C144-4213-A007-4B8944113AB1}.Release|Any CPU.Build.0 = Release|Any CPU
		{880B3591-E057-46FE-B525-10BD83828B93}.Debug|Any CPU.ActiveCfg = Debug|Any CPU
		{880B3591-E057-46FE-B525-10BD83828B93}.Debug|Any CPU.Build.0 = Debug|Any CPU
		{880B3591-E057-46FE-B525-10BD83828B93}.Release|Any CPU.ActiveCfg = Release|Any CPU
		{880B3591-E057-46FE-B525-10BD83828B93}.Release|Any CPU.Build.0 = Release|Any CPU
		{38E184BD-E874-4633-A947-AED4FDB73F40}.Debug|Any CPU.ActiveCfg = Debug|Any CPU
		{38E184BD-E874-4633-A947-AED4FDB73F40}.Debug|Any CPU.Build.0 = Debug|Any CPU
		{38E184BD-E874-4633-A947-AED4FDB73F40}.Release|Any CPU.ActiveCfg = Release|Any CPU
		{38E184BD-E874-4633-A947-AED4FDB73F40}.Release|Any CPU.Build.0 = Release|Any CPU
		{22CFE0D2-8DCA-42D7-AD7D-784C3862493F}.Debug|Any CPU.ActiveCfg = Debug|Any CPU
		{22CFE0D2-8DCA-42D7-AD7D-784C3862493F}.Debug|Any CPU.Build.0 = Debug|Any CPU
		{22CFE0D2-8DCA-42D7-AD7D-784C3862493F}.Release|Any CPU.ActiveCfg = Release|Any CPU
		{22CFE0D2-8DCA-42D7-AD7D-784C3862493F}.Release|Any CPU.Build.0 = Release|Any CPU
		{E0580562-F8F2-4EBB-B07A-ABFC6F2C314F}.Debug|Any CPU.ActiveCfg = Debug|Any CPU
		{E0580562-F8F2-4EBB-B07A-ABFC6F2C314F}.Debug|Any CPU.Build.0 = Debug|Any CPU
		{E0580562-F8F2-4EBB-B07A-ABFC6F2C314F}.Release|Any CPU.ActiveCfg = Release|Any CPU
		{E0580562-F8F2-4EBB-B07A-ABFC6F2C314F}.Release|Any CPU.Build.0 = Release|Any CPU
		{B6251730-717D-4B3F-94F5-C6C93E100237}.Debug|Any CPU.ActiveCfg = Debug|Any CPU
		{B6251730-717D-4B3F-94F5-C6C93E100237}.Debug|Any CPU.Build.0 = Debug|Any CPU
		{B6251730-717D-4B3F-94F5-C6C93E100237}.Release|Any CPU.ActiveCfg = Release|Any CPU
		{B6251730-717D-4B3F-94F5-C6C93E100237}.Release|Any CPU.Build.0 = Release|Any CPU
		{B21885B8-ADF0-48B7-B263-BBBD53616FC7}.Debug|Any CPU.ActiveCfg = Debug|Any CPU
		{B21885B8-ADF0-48B7-B263-BBBD53616FC7}.Debug|Any CPU.Build.0 = Debug|Any CPU
		{B21885B8-ADF0-48B7-B263-BBBD53616FC7}.Release|Any CPU.ActiveCfg = Release|Any CPU
		{B21885B8-ADF0-48B7-B263-BBBD53616FC7}.Release|Any CPU.Build.0 = Release|Any CPU
		{4986DD8B-5D53-4530-B6E3-04E7AD51CAA8}.Debug|Any CPU.ActiveCfg = Debug|Any CPU
		{4986DD8B-5D53-4530-B6E3-04E7AD51CAA8}.Debug|Any CPU.Build.0 = Debug|Any CPU
		{4986DD8B-5D53-4530-B6E3-04E7AD51CAA8}.Release|Any CPU.ActiveCfg = Release|Any CPU
		{4986DD8B-5D53-4530-B6E3-04E7AD51CAA8}.Release|Any CPU.Build.0 = Release|Any CPU
		{731870A7-5F38-4AD2-9FB6-9F3CF5932F59}.Debug|Any CPU.ActiveCfg = Debug|Any CPU
		{731870A7-5F38-4AD2-9FB6-9F3CF5932F59}.Debug|Any CPU.Build.0 = Debug|Any CPU
		{731870A7-5F38-4AD2-9FB6-9F3CF5932F59}.Release|Any CPU.ActiveCfg = Release|Any CPU
		{731870A7-5F38-4AD2-9FB6-9F3CF5932F59}.Release|Any CPU.Build.0 = Release|Any CPU
		{E7D9F00A-3BCD-4D22-8557-5C745426D43A}.Debug|Any CPU.ActiveCfg = Debug|Any CPU
		{E7D9F00A-3BCD-4D22-8557-5C745426D43A}.Debug|Any CPU.Build.0 = Debug|Any CPU
		{E7D9F00A-3BCD-4D22-8557-5C745426D43A}.Release|Any CPU.ActiveCfg = Release|Any CPU
		{E7D9F00A-3BCD-4D22-8557-5C745426D43A}.Release|Any CPU.Build.0 = Release|Any CPU
		{C569CAF3-3B76-4F4D-928F-1A3A7483F7D1}.Debug|Any CPU.ActiveCfg = Debug|Any CPU
		{C569CAF3-3B76-4F4D-928F-1A3A7483F7D1}.Debug|Any CPU.Build.0 = Debug|Any CPU
		{C569CAF3-3B76-4F4D-928F-1A3A7483F7D1}.Release|Any CPU.ActiveCfg = Release|Any CPU
		{C569CAF3-3B76-4F4D-928F-1A3A7483F7D1}.Release|Any CPU.Build.0 = Release|Any CPU
		{BE4EEBA2-D8EA-48A8-9609-090FB4BF9E0D}.Debug|Any CPU.ActiveCfg = Debug|Any CPU
		{BE4EEBA2-D8EA-48A8-9609-090FB4BF9E0D}.Debug|Any CPU.Build.0 = Debug|Any CPU
		{BE4EEBA2-D8EA-48A8-9609-090FB4BF9E0D}.Release|Any CPU.ActiveCfg = Release|Any CPU
		{BE4EEBA2-D8EA-48A8-9609-090FB4BF9E0D}.Release|Any CPU.Build.0 = Release|Any CPU
		{AFFEF861-4351-4E16-AABB-2AA1485BF1CA}.Debug|Any CPU.ActiveCfg = Debug|Any CPU
		{AFFEF861-4351-4E16-AABB-2AA1485BF1CA}.Debug|Any CPU.Build.0 = Debug|Any CPU
		{AFFEF861-4351-4E16-AABB-2AA1485BF1CA}.Release|Any CPU.ActiveCfg = Release|Any CPU
		{AFFEF861-4351-4E16-AABB-2AA1485BF1CA}.Release|Any CPU.Build.0 = Release|Any CPU
		{352DA8BF-07F6-40BE-AA38-45C7641C2F85}.Debug|Any CPU.ActiveCfg = Debug|Any CPU
		{352DA8BF-07F6-40BE-AA38-45C7641C2F85}.Debug|Any CPU.Build.0 = Debug|Any CPU
		{352DA8BF-07F6-40BE-AA38-45C7641C2F85}.Release|Any CPU.ActiveCfg = Release|Any CPU
		{352DA8BF-07F6-40BE-AA38-45C7641C2F85}.Release|Any CPU.Build.0 = Release|Any CPU
		{ABB3B8AA-1828-435B-B1CB-2178C44DE907}.Debug|Any CPU.ActiveCfg = Debug|Any CPU
		{ABB3B8AA-1828-435B-B1CB-2178C44DE907}.Debug|Any CPU.Build.0 = Debug|Any CPU
		{ABB3B8AA-1828-435B-B1CB-2178C44DE907}.Release|Any CPU.ActiveCfg = Release|Any CPU
		{ABB3B8AA-1828-435B-B1CB-2178C44DE907}.Release|Any CPU.Build.0 = Release|Any CPU
		{9F461F5C-0150-4CDA-9D3F-8D1B845032AB}.Debug|Any CPU.ActiveCfg = Debug|Any CPU
		{9F461F5C-0150-4CDA-9D3F-8D1B845032AB}.Debug|Any CPU.Build.0 = Debug|Any CPU
		{9F461F5C-0150-4CDA-9D3F-8D1B845032AB}.Release|Any CPU.ActiveCfg = Release|Any CPU
		{9F461F5C-0150-4CDA-9D3F-8D1B845032AB}.Release|Any CPU.Build.0 = Release|Any CPU
		{51269FEC-35FE-4942-8784-3D82AC0BC450}.Debug|Any CPU.ActiveCfg = Debug|Any CPU
		{51269FEC-35FE-4942-8784-3D82AC0BC450}.Debug|Any CPU.Build.0 = Debug|Any CPU
		{51269FEC-35FE-4942-8784-3D82AC0BC450}.Release|Any CPU.ActiveCfg = Release|Any CPU
		{51269FEC-35FE-4942-8784-3D82AC0BC450}.Release|Any CPU.Build.0 = Release|Any CPU
		{618C5AA9-BAB6-4FC7-BF30-146F62FF296E}.Debug|Any CPU.ActiveCfg = Debug|Any CPU
		{618C5AA9-BAB6-4FC7-BF30-146F62FF296E}.Debug|Any CPU.Build.0 = Debug|Any CPU
		{618C5AA9-BAB6-4FC7-BF30-146F62FF296E}.Release|Any CPU.ActiveCfg = Release|Any CPU
		{618C5AA9-BAB6-4FC7-BF30-146F62FF296E}.Release|Any CPU.Build.0 = Release|Any CPU
		{576D7044-1689-4BE6-9720-3F5E3FF0C674}.Debug|Any CPU.ActiveCfg = Debug|Any CPU
		{576D7044-1689-4BE6-9720-3F5E3FF0C674}.Debug|Any CPU.Build.0 = Debug|Any CPU
		{576D7044-1689-4BE6-9720-3F5E3FF0C674}.Release|Any CPU.ActiveCfg = Release|Any CPU
		{576D7044-1689-4BE6-9720-3F5E3FF0C674}.Release|Any CPU.Build.0 = Release|Any CPU
		{53E6764F-203B-4506-8017-2E73A608474E}.Debug|Any CPU.ActiveCfg = Debug|Any CPU
		{53E6764F-203B-4506-8017-2E73A608474E}.Debug|Any CPU.Build.0 = Debug|Any CPU
		{53E6764F-203B-4506-8017-2E73A608474E}.Release|Any CPU.ActiveCfg = Release|Any CPU
		{53E6764F-203B-4506-8017-2E73A608474E}.Release|Any CPU.Build.0 = Release|Any CPU
		{0EE26F4D-434D-4096-9895-D1E622CB6AD2}.Debug|Any CPU.ActiveCfg = Debug|Any CPU
		{0EE26F4D-434D-4096-9895-D1E622CB6AD2}.Debug|Any CPU.Build.0 = Debug|Any CPU
		{0EE26F4D-434D-4096-9895-D1E622CB6AD2}.Release|Any CPU.ActiveCfg = Release|Any CPU
		{0EE26F4D-434D-4096-9895-D1E622CB6AD2}.Release|Any CPU.Build.0 = Release|Any CPU
	EndGlobalSection
	GlobalSection(SolutionProperties) = preSolution
		HideSolutionNode = FALSE
	EndGlobalSection
	GlobalSection(NestedProjects) = preSolution
		{0FA75A5B-AB83-4FD0-B545-279774C01E87} = {AFAA0841-BD93-466F-B8F4-FB4EEC86F1FC}
		{3870C648-4AEA-4B85-BA3F-F2F63B96136A} = {AFAA0841-BD93-466F-B8F4-FB4EEC86F1FC}
		{0D4C5D00-C144-4213-A007-4B8944113AB1} = {F10AA149-2626-486E-85BB-9CD5365F3016}
		{880B3591-E057-46FE-B525-10BD83828B93} = {AFAA0841-BD93-466F-B8F4-FB4EEC86F1FC}
		{38E184BD-E874-4633-A947-AED4FDB73F40} = {AFAA0841-BD93-466F-B8F4-FB4EEC86F1FC}
		{22CFE0D2-8DCA-42D7-AD7D-784C3862493F} = {AFAA0841-BD93-466F-B8F4-FB4EEC86F1FC}
		{E0580562-F8F2-4EBB-B07A-ABFC6F2C314F} = {AFAA0841-BD93-466F-B8F4-FB4EEC86F1FC}
		{B6251730-717D-4B3F-94F5-C6C93E100237} = {BC5F578B-DC5F-4474-B20B-F4C7A976E61C}
		{B21885B8-ADF0-48B7-B263-BBBD53616FC7} = {BC5F578B-DC5F-4474-B20B-F4C7A976E61C}
		{4986DD8B-5D53-4530-B6E3-04E7AD51CAA8} = {BC5F578B-DC5F-4474-B20B-F4C7A976E61C}
		{731870A7-5F38-4AD2-9FB6-9F3CF5932F59} = {BC5F578B-DC5F-4474-B20B-F4C7A976E61C}
		{E7D9F00A-3BCD-4D22-8557-5C745426D43A} = {BC5F578B-DC5F-4474-B20B-F4C7A976E61C}
		{C569CAF3-3B76-4F4D-928F-1A3A7483F7D1} = {BC5F578B-DC5F-4474-B20B-F4C7A976E61C}
		{BE4EEBA2-D8EA-48A8-9609-090FB4BF9E0D} = {BC5F578B-DC5F-4474-B20B-F4C7A976E61C}
		{AFFEF861-4351-4E16-AABB-2AA1485BF1CA} = {BC5F578B-DC5F-4474-B20B-F4C7A976E61C}
		{352DA8BF-07F6-40BE-AA38-45C7641C2F85} = {AFAA0841-BD93-466F-B8F4-FB4EEC86F1FC}
		{ABB3B8AA-1828-435B-B1CB-2178C44DE907} = {BC5F578B-DC5F-4474-B20B-F4C7A976E61C}
		{9F461F5C-0150-4CDA-9D3F-8D1B845032AB} = {BC5F578B-DC5F-4474-B20B-F4C7A976E61C}
		{51269FEC-35FE-4942-8784-3D82AC0BC450} = {BC5F578B-DC5F-4474-B20B-F4C7A976E61C}
		{618C5AA9-BAB6-4FC7-BF30-146F62FF296E} = {BC5F578B-DC5F-4474-B20B-F4C7A976E61C}
		{576D7044-1689-4BE6-9720-3F5E3FF0C674} = {BC5F578B-DC5F-4474-B20B-F4C7A976E61C}
		{53E6764F-203B-4506-8017-2E73A608474E} = {BC5F578B-DC5F-4474-B20B-F4C7A976E61C}
		{0EE26F4D-434D-4096-9895-D1E622CB6AD2} = {BC5F578B-DC5F-4474-B20B-F4C7A976E61C}
	EndGlobalSection
	GlobalSection(ExtensibilityGlobals) = postSolution
		SolutionGuid = {3CD0100C-FC3C-40F9-AFA3-996BA85EC84B}
	EndGlobalSection
EndGlobal
